
Microsoft Visual Studio Solution File, Format Version 12.00
# Visual Studio Version 17
VisualStudioVersion = 17.10.34902.84
MinimumVisualStudioVersion = 10.0.40219.1
Project("{2150E333-8FDC-42A3-9474-1A3956D46DE8}") = "SwaggerPOC", "SwaggerPOC", "{54722659-A376-4981-AFC0-8517D9882AED}"
EndProject
Project("{9A19103F-16F7-4668-BE54-9A1E7A4F7556}") = "SwaggerPOC", "SwaggerPOC\SwaggerPOC\SwaggerPOC.csproj", "{A8E2702D-60BF-407A-9825-41F235EE338E}"
EndProject
Project("{2150E333-8FDC-42A3-9474-1A3956D46DE8}") = "EFCorePOC", "EFCorePOC", "{A581D9A7-A889-4201-A916-EF38A7839BD1}"
	ProjectSection(SolutionItems) = preProject
		EFCoreNotes.md = EFCoreNotes.md
	EndProjectSection
EndProject
Project("{9A19103F-16F7-4668-BE54-9A1E7A4F7556}") = "EFCorePOC", "EFCorePOC\EFCorePOC\EFCorePOC.csproj", "{04A70EBA-BCB3-4DE0-97E8-A32AAE5B01C9}"
EndProject
Project("{2150E333-8FDC-42A3-9474-1A3956D46DE8}") = "LoggingPOC", "LoggingPOC", "{99BE1398-F12E-4262-846E-8A8B5F5A2FD6}"
EndProject
Project("{9A19103F-16F7-4668-BE54-9A1E7A4F7556}") = "LoggingPOC", "LoggingPOC\LoggingPOC.csproj", "{E1C9E145-5FD1-44D6-A754-E61B9ECA6E0F}"
EndProject
Project("{2150E333-8FDC-42A3-9474-1A3956D46DE8}") = "RabbitMQPOC", "RabbitMQPOC", "{7FF20C70-D668-4F2B-B7F9-EB8CEC2E3447}"
EndProject
Project("{9A19103F-16F7-4668-BE54-9A1E7A4F7556}") = "RabbitMQPOC", "RabbitMQPOC\RabbitMQPOC.csproj", "{96A59BA5-97B2-4427-A166-2875CD12B979}"
EndProject
Project("{9A19103F-16F7-4668-BE54-9A1E7A4F7556}") = "EFCorePOC.Data", "EFCorePOC\EFCorePOC.Data\EFCorePOC.Data.csproj", "{39ED5C49-DD3B-4DF4-8B86-2FEE9B3D800D}"
EndProject
Project("{9A19103F-16F7-4668-BE54-9A1E7A4F7556}") = "EFCorePOC.Common", "EFCorePOC\EFCorePOC.Comon\EFCorePOC.Common.csproj", "{0B32F114-8A37-4B24-A262-781192C0656F}"
EndProject
Project("{9A19103F-16F7-4668-BE54-9A1E7A4F7556}") = "EFCorePOC.Services", "EFCorePOC\EFCorePOC.Services\EFCorePOC.Services.csproj", "{1A90D6E0-5BE0-42DE-8EA4-62785055DAC6}"
EndProject
Global
	GlobalSection(SolutionConfigurationPlatforms) = preSolution
		Debug|Any CPU = Debug|Any CPU
		Release|Any CPU = Release|Any CPU
	EndGlobalSection
	GlobalSection(ProjectConfigurationPlatforms) = postSolution
		{A8E2702D-60BF-407A-9825-41F235EE338E}.Debug|Any CPU.ActiveCfg = Debug|Any CPU
		{A8E2702D-60BF-407A-9825-41F235EE338E}.Debug|Any CPU.Build.0 = Debug|Any CPU
		{A8E2702D-60BF-407A-9825-41F235EE338E}.Release|Any CPU.ActiveCfg = Release|Any CPU
		{A8E2702D-60BF-407A-9825-41F235EE338E}.Release|Any CPU.Build.0 = Release|Any CPU
		{04A70EBA-BCB3-4DE0-97E8-A32AAE5B01C9}.Debug|Any CPU.ActiveCfg = Debug|Any CPU
		{04A70EBA-BCB3-4DE0-97E8-A32AAE5B01C9}.Debug|Any CPU.Build.0 = Debug|Any CPU
		{04A70EBA-BCB3-4DE0-97E8-A32AAE5B01C9}.Release|Any CPU.ActiveCfg = Release|Any CPU
		{04A70EBA-BCB3-4DE0-97E8-A32AAE5B01C9}.Release|Any CPU.Build.0 = Release|Any CPU
		{E1C9E145-5FD1-44D6-A754-E61B9ECA6E0F}.Debug|Any CPU.ActiveCfg = Debug|Any CPU
		{E1C9E145-5FD1-44D6-A754-E61B9ECA6E0F}.Debug|Any CPU.Build.0 = Debug|Any CPU
		{E1C9E145-5FD1-44D6-A754-E61B9ECA6E0F}.Release|Any CPU.ActiveCfg = Release|Any CPU
		{E1C9E145-5FD1-44D6-A754-E61B9ECA6E0F}.Release|Any CPU.Build.0 = Release|Any CPU
		{96A59BA5-97B2-4427-A166-2875CD12B979}.Debug|Any CPU.ActiveCfg = Debug|Any CPU
		{96A59BA5-97B2-4427-A166-2875CD12B979}.Debug|Any CPU.Build.0 = Debug|Any CPU
		{96A59BA5-97B2-4427-A166-2875CD12B979}.Release|Any CPU.ActiveCfg = Release|Any CPU
		{96A59BA5-97B2-4427-A166-2875CD12B979}.Release|Any CPU.Build.0 = Release|Any CPU
		{39ED5C49-DD3B-4DF4-8B86-2FEE9B3D800D}.Debug|Any CPU.ActiveCfg = Debug|Any CPU
		{39ED5C49-DD3B-4DF4-8B86-2FEE9B3D800D}.Debug|Any CPU.Build.0 = Debug|Any CPU
		{39ED5C49-DD3B-4DF4-8B86-2FEE9B3D800D}.Release|Any CPU.ActiveCfg = Release|Any CPU
		{39ED5C49-DD3B-4DF4-8B86-2FEE9B3D800D}.Release|Any CPU.Build.0 = Release|Any CPU
		{0B32F114-8A37-4B24-A262-781192C0656F}.Debug|Any CPU.ActiveCfg = Debug|Any CPU
		{0B32F114-8A37-4B24-A262-781192C0656F}.Debug|Any CPU.Build.0 = Debug|Any CPU
		{0B32F114-8A37-4B24-A262-781192C0656F}.Release|Any CPU.ActiveCfg = Release|Any CPU
		{0B32F114-8A37-4B24-A262-781192C0656F}.Release|Any CPU.Build.0 = Release|Any CPU
		{1A90D6E0-5BE0-42DE-8EA4-62785055DAC6}.Debug|Any CPU.ActiveCfg = Debug|Any CPU
		{1A90D6E0-5BE0-42DE-8EA4-62785055DAC6}.Debug|Any CPU.Build.0 = Debug|Any CPU
		{1A90D6E0-5BE0-42DE-8EA4-62785055DAC6}.Release|Any CPU.ActiveCfg = Release|Any CPU
		{1A90D6E0-5BE0-42DE-8EA4-62785055DAC6}.Release|Any CPU.Build.0 = Release|Any CPU
	EndGlobalSection
	GlobalSection(SolutionProperties) = preSolution
		HideSolutionNode = FALSE
	EndGlobalSection
	GlobalSection(NestedProjects) = preSolution
		{A8E2702D-60BF-407A-9825-41F235EE338E} = {54722659-A376-4981-AFC0-8517D9882AED}
		{04A70EBA-BCB3-4DE0-97E8-A32AAE5B01C9} = {A581D9A7-A889-4201-A916-EF38A7839BD1}
		{E1C9E145-5FD1-44D6-A754-E61B9ECA6E0F} = {99BE1398-F12E-4262-846E-8A8B5F5A2FD6}
		{96A59BA5-97B2-4427-A166-2875CD12B979} = {7FF20C70-D668-4F2B-B7F9-EB8CEC2E3447}
		{39ED5C49-DD3B-4DF4-8B86-2FEE9B3D800D} = {A581D9A7-A889-4201-A916-EF38A7839BD1}
		{0B32F114-8A37-4B24-A262-781192C0656F} = {A581D9A7-A889-4201-A916-EF38A7839BD1}
		{1A90D6E0-5BE0-42DE-8EA4-62785055DAC6} = {A581D9A7-A889-4201-A916-EF38A7839BD1}
	EndGlobalSection
	GlobalSection(ExtensibilityGlobals) = postSolution
		SolutionGuid = {95BDA699-3CDD-4B5A-AB45-3476CA3B91F0}
	EndGlobalSection
EndGlobal
